{
  "requires": true,
  "lockfileVersion": 1,
  "dependencies": {
    "@ionic-native/image-picker": {
      "version": "5.27.0",
      "resolved": "https://registry.npmjs.org/@ionic-native/image-picker/-/image-picker-5.27.0.tgz",
      "integrity": "sha512-LYiu7le+n4GYCLhAvWvV4Mi7IDp97Ns5V01/mzYZOSd5uhoJtxd0StmXAR22s2wnNkspqMc/MncfZRHUlA8UMQ==",
      "requires": {
        "@types/cordova": "^0.0.34"
      }
    },
    "@types/cordova": {
      "version": "0.0.34",
      "resolved": "https://registry.npmjs.org/@types/cordova/-/cordova-0.0.34.tgz",
      "integrity": "sha1-6nrd907Ow9dimCegw54smt3HPQQ="
    }
  }
}
